
Microsoft Visual Studio Solution File, Format Version 12.00
# Visual Studio 15
VisualStudioVersion = 15.0.27130.2027
MinimumVisualStudioVersion = 10.0.40219.1
Project("{9A19103F-16F7-4668-BE54-9A1E7A4F7556}") = "Ybm.Infrastructure.Core", "Ybm.Infrastructure.Core\Ybm.Infrastructure.Core.csproj", "{D70073E4-38F3-4001-A27F-7603527B2153}"
EndProject
Project("{2150E333-8FDC-42A3-9474-1A3956D46DE8}") = "Samples", "Samples", "{45DF2F8B-D634-4705-AC78-BD00CD9F9681}"
EndProject
Project("{9A19103F-16F7-4668-BE54-9A1E7A4F7556}") = "ProductDomainModels", "Samples_NetCore\ProductBoundedContext\ProductDomainModels\ProductDomainModels.csproj", "{B0F1DC94-E4ED-4F87-99A2-ACF866EA7E86}"
EndProject
Project("{9A19103F-16F7-4668-BE54-9A1E7A4F7556}") = "ProductPersistence", "Samples_NetCore\ProductBoundedContext\ProductPersistence\ProductPersistence.csproj", "{D705423A-0C8F-4BB4-B301-A19F9AA1F08F}"
EndProject
Project("{9A19103F-16F7-4668-BE54-9A1E7A4F7556}") = "Application", "Application\Application.csproj", "{36703B39-57E1-4C28-8259-A2528F4C41BF}"
EndProject
Project("{9A19103F-16F7-4668-BE54-9A1E7A4F7556}") = "AspNetCoreSample", "Samples_NetCore\AspNetCoreSample\AspNetCoreSample.csproj", "{68494158-050E-4D9A-BD89-13421035DFF7}"
EndProject
Global
	GlobalSection(SolutionConfigurationPlatforms) = preSolution
		Debug|Any CPU = Debug|Any CPU
		Release|Any CPU = Release|Any CPU
	EndGlobalSection
	GlobalSection(ProjectConfigurationPlatforms) = postSolution
		{D70073E4-38F3-4001-A27F-7603527B2153}.Debug|Any CPU.ActiveCfg = Debug|Any CPU
		{D70073E4-38F3-4001-A27F-7603527B2153}.Debug|Any CPU.Build.0 = Debug|Any CPU
		{D70073E4-38F3-4001-A27F-7603527B2153}.Release|Any CPU.ActiveCfg = Release|Any CPU
		{D70073E4-38F3-4001-A27F-7603527B2153}.Release|Any CPU.Build.0 = Release|Any CPU
		{B0F1DC94-E4ED-4F87-99A2-ACF866EA7E86}.Debug|Any CPU.ActiveCfg = Debug|Any CPU
		{B0F1DC94-E4ED-4F87-99A2-ACF866EA7E86}.Debug|Any CPU.Build.0 = Debug|Any CPU
		{B0F1DC94-E4ED-4F87-99A2-ACF866EA7E86}.Release|Any CPU.ActiveCfg = Release|Any CPU
		{B0F1DC94-E4ED-4F87-99A2-ACF866EA7E86}.Release|Any CPU.Build.0 = Release|Any CPU
		{D705423A-0C8F-4BB4-B301-A19F9AA1F08F}.Debug|Any CPU.ActiveCfg = Debug|Any CPU
		{D705423A-0C8F-4BB4-B301-A19F9AA1F08F}.Debug|Any CPU.Build.0 = Debug|Any CPU
		{D705423A-0C8F-4BB4-B301-A19F9AA1F08F}.Release|Any CPU.ActiveCfg = Release|Any CPU
		{D705423A-0C8F-4BB4-B301-A19F9AA1F08F}.Release|Any CPU.Build.0 = Release|Any CPU
		{36703B39-57E1-4C28-8259-A2528F4C41BF}.Debug|Any CPU.ActiveCfg = Debug|Any CPU
		{36703B39-57E1-4C28-8259-A2528F4C41BF}.Debug|Any CPU.Build.0 = Debug|Any CPU
		{36703B39-57E1-4C28-8259-A2528F4C41BF}.Release|Any CPU.ActiveCfg = Release|Any CPU
		{36703B39-57E1-4C28-8259-A2528F4C41BF}.Release|Any CPU.Build.0 = Release|Any CPU
		{68494158-050E-4D9A-BD89-13421035DFF7}.Debug|Any CPU.ActiveCfg = Debug|Any CPU
		{68494158-050E-4D9A-BD89-13421035DFF7}.Debug|Any CPU.Build.0 = Debug|Any CPU
		{68494158-050E-4D9A-BD89-13421035DFF7}.Release|Any CPU.ActiveCfg = Release|Any CPU
		{68494158-050E-4D9A-BD89-13421035DFF7}.Release|Any CPU.Build.0 = Release|Any CPU
	EndGlobalSection
	GlobalSection(SolutionProperties) = preSolution
		HideSolutionNode = FALSE
	EndGlobalSection
	GlobalSection(NestedProjects) = preSolution
		{B0F1DC94-E4ED-4F87-99A2-ACF866EA7E86} = {45DF2F8B-D634-4705-AC78-BD00CD9F9681}
		{D705423A-0C8F-4BB4-B301-A19F9AA1F08F} = {45DF2F8B-D634-4705-AC78-BD00CD9F9681}
		{36703B39-57E1-4C28-8259-A2528F4C41BF} = {45DF2F8B-D634-4705-AC78-BD00CD9F9681}
		{68494158-050E-4D9A-BD89-13421035DFF7} = {45DF2F8B-D634-4705-AC78-BD00CD9F9681}
	EndGlobalSection
	GlobalSection(ExtensibilityGlobals) = postSolution
		SolutionGuid = {5D111201-98DB-4B00-AA46-AD06512648D3}
	EndGlobalSection
EndGlobal
